// !$*UTF8*$!
{
	archiveVersion = 1;
	classes = {
	};
	objectVersion = 56;
	objects = {

/* Begin PBXBuildFile section */
		143C6E3E20D8E82C3CAB1CBC /* Pods_nasaProject.framework in Frameworks */ = {isa = PBXBuildFile; fileRef = A6132B370B6B7CA9F8750A5A /* Pods_nasaProject.framework */; };
		ADBBF60EDA089CF5E564FE06 /* Pods_nasaProjectTests.framework in Frameworks */ = {isa = PBXBuildFile; fileRef = CFD2912DFC9E74E54456209E /* Pods_nasaProjectTests.framework */; };
		BBB7CF5F56588EC1A2802E0F /* Pods_nasaProject_nasaProjectUITests.framework in Frameworks */ = {isa = PBXBuildFile; fileRef = CBCDE7571DF9995185506297 /* Pods_nasaProject_nasaProjectUITests.framework */; };
		DF1CF3B22CB5B78B00273F1C /* AppDelegate.swift in Sources */ = {isa = PBXBuildFile; fileRef = DF1CF3B12CB5B78B00273F1C /* AppDelegate.swift */; };
		DF1CF3B42CB5B78B00273F1C /* SceneDelegate.swift in Sources */ = {isa = PBXBuildFile; fileRef = DF1CF3B32CB5B78B00273F1C /* SceneDelegate.swift */; };
		DF1CF3B62CB5B78B00273F1C /* ViewController.swift in Sources */ = {isa = PBXBuildFile; fileRef = DF1CF3B52CB5B78B00273F1C /* ViewController.swift */; };
		DF1CF3B92CB5B78B00273F1C /* Main.storyboard in Resources */ = {isa = PBXBuildFile; fileRef = DF1CF3B72CB5B78B00273F1C /* Main.storyboard */; };
		DF1CF3BB2CB5B78C00273F1C /* Assets.xcassets in Resources */ = {isa = PBXBuildFile; fileRef = DF1CF3BA2CB5B78C00273F1C /* Assets.xcassets */; };
		DF1CF3BE2CB5B78C00273F1C /* LaunchScreen.storyboard in Resources */ = {isa = PBXBuildFile; fileRef = DF1CF3BC2CB5B78C00273F1C /* LaunchScreen.storyboard */; };
		DF1CF3C92CB5B78C00273F1C /* nasaProjectTests.swift in Sources */ = {isa = PBXBuildFile; fileRef = DF1CF3C82CB5B78C00273F1C /* nasaProjectTests.swift */; };
		DF1CF3D32CB5B78C00273F1C /* nasaProjectUITests.swift in Sources */ = {isa = PBXBuildFile; fileRef = DF1CF3D22CB5B78C00273F1C /* nasaProjectUITests.swift */; };
		DF1CF3D52CB5B78C00273F1C /* nasaProjectUITestsLaunchTests.swift in Sources */ = {isa = PBXBuildFile; fileRef = DF1CF3D42CB5B78C00273F1C /* nasaProjectUITestsLaunchTests.swift */; };
		DF1CF4182CB5D2A700273F1C /* FirstTabViewController.swift in Sources */ = {isa = PBXBuildFile; fileRef = DF1CF4172CB5D2A700273F1C /* FirstTabViewController.swift */; };
		DF1CF41A2CB5D2C100273F1C /* SecondTabViewController.swift in Sources */ = {isa = PBXBuildFile; fileRef = DF1CF4192CB5D2C100273F1C /* SecondTabViewController.swift */; };
		DF1CF41C2CB5D6EE00273F1C /* SwiftUIView.swift in Sources */ = {isa = PBXBuildFile; fileRef = DF1CF41B2CB5D6EE00273F1C /* SwiftUIView.swift */; };
		DF1CF41E2CB5D86A00273F1C /* Photo.swift in Sources */ = {isa = PBXBuildFile; fileRef = DF1CF41D2CB5D86A00273F1C /* Photo.swift */; };
		DF1CF4242CB7CE2E00273F1C /* PhotoDetailView.swift in Sources */ = {isa = PBXBuildFile; fileRef = DF1CF4232CB7CE2E00273F1C /* PhotoDetailView.swift */; };
		DF1CF4302CB98E5C00273F1C /* NetworkService.docc in Sources */ = {isa = PBXBuildFile; fileRef = DF1CF42F2CB98E5C00273F1C /* NetworkService.docc */; };
		DF1CF4362CB98E5C00273F1C /* NetworkService.framework in Frameworks */ = {isa = PBXBuildFile; fileRef = DF1CF42C2CB98E5C00273F1C /* NetworkService.framework */; };
		DF1CF43D2CB98E5C00273F1C /* NetworkServiceTests.swift in Sources */ = {isa = PBXBuildFile; fileRef = DF1CF43C2CB98E5C00273F1C /* NetworkServiceTests.swift */; };
		DF1CF43E2CB98E5C00273F1C /* NetworkService.h in Headers */ = {isa = PBXBuildFile; fileRef = DF1CF42E2CB98E5C00273F1C /* NetworkService.h */; settings = {ATTRIBUTES = (Public, ); }; };
		DF1CF4412CB98E5C00273F1C /* NetworkService.framework in Frameworks */ = {isa = PBXBuildFile; fileRef = DF1CF42C2CB98E5C00273F1C /* NetworkService.framework */; };
		DF1CF4422CB98E5C00273F1C /* NetworkService.framework in Embed Frameworks */ = {isa = PBXBuildFile; fileRef = DF1CF42C2CB98E5C00273F1C /* NetworkService.framework */; settings = {ATTRIBUTES = (CodeSignOnCopy, RemoveHeadersOnCopy, ); }; };
/* End PBXBuildFile section */

/* Begin PBXContainerItemProxy section */
		DF1CF3C52CB5B78C00273F1C /* PBXContainerItemProxy */ = {
			isa = PBXContainerItemProxy;
			containerPortal = DF1CF3A62CB5B78B00273F1C /* Project object */;
			proxyType = 1;
			remoteGlobalIDString = DF1CF3AD2CB5B78B00273F1C;
			remoteInfo = nasaProject;
		};
		DF1CF3CF2CB5B78C00273F1C /* PBXContainerItemProxy */ = {
			isa = PBXContainerItemProxy;
			containerPortal = DF1CF3A62CB5B78B00273F1C /* Project object */;
			proxyType = 1;
			remoteGlobalIDString = DF1CF3AD2CB5B78B00273F1C;
			remoteInfo = nasaProject;
		};
		DF1CF4372CB98E5C00273F1C /* PBXContainerItemProxy */ = {
			isa = PBXContainerItemProxy;
			containerPortal = DF1CF3A62CB5B78B00273F1C /* Project object */;
			proxyType = 1;
			remoteGlobalIDString = DF1CF42B2CB98E5C00273F1C;
			remoteInfo = NetworkService;
		};
		DF1CF4392CB98E5C00273F1C /* PBXContainerItemProxy */ = {
			isa = PBXContainerItemProxy;
			containerPortal = DF1CF3A62CB5B78B00273F1C /* Project object */;
			proxyType = 1;
			remoteGlobalIDString = DF1CF3AD2CB5B78B00273F1C;
			remoteInfo = nasaProject;
		};
		DF1CF43F2CB98E5C00273F1C /* PBXContainerItemProxy */ = {
			isa = PBXContainerItemProxy;
			containerPortal = DF1CF3A62CB5B78B00273F1C /* Project object */;
			proxyType = 1;
			remoteGlobalIDString = DF1CF42B2CB98E5C00273F1C;
			remoteInfo = NetworkService;
		};
/* End PBXContainerItemProxy section */

/* Begin PBXCopyFilesBuildPhase section */
		DF1CF4462CB98E5C00273F1C /* Embed Frameworks */ = {
			isa = PBXCopyFilesBuildPhase;
			buildActionMask = 2147483647;
			dstPath = "";
			dstSubfolderSpec = 10;
			files = (
				DF1CF4422CB98E5C00273F1C /* NetworkService.framework in Embed Frameworks */,
			);
			name = "Embed Frameworks";
			runOnlyForDeploymentPostprocessing = 0;
		};
/* End PBXCopyFilesBuildPhase section */

/* Begin PBXFileReference section */
		4AE68605F25D08BB5F958D4A /* Pods-nasaProjectTests.debug.xcconfig */ = {isa = PBXFileReference; includeInIndex = 1; lastKnownFileType = text.xcconfig; name = "Pods-nasaProjectTests.debug.xcconfig"; path = "Target Support Files/Pods-nasaProjectTests/Pods-nasaProjectTests.debug.xcconfig"; sourceTree = "<group>"; };
		8841BF1EA9609269D553C036 /* Pods-nasaProject-nasaProjectUITests.release.xcconfig */ = {isa = PBXFileReference; includeInIndex = 1; lastKnownFileType = text.xcconfig; name = "Pods-nasaProject-nasaProjectUITests.release.xcconfig"; path = "Target Support Files/Pods-nasaProject-nasaProjectUITests/Pods-nasaProject-nasaProjectUITests.release.xcconfig"; sourceTree = "<group>"; };
		8BFD222532BA2FE06974D776 /* Pods-nasaProject.debug.xcconfig */ = {isa = PBXFileReference; includeInIndex = 1; lastKnownFileType = text.xcconfig; name = "Pods-nasaProject.debug.xcconfig"; path = "Target Support Files/Pods-nasaProject/Pods-nasaProject.debug.xcconfig"; sourceTree = "<group>"; };
		A6132B370B6B7CA9F8750A5A /* Pods_nasaProject.framework */ = {isa = PBXFileReference; explicitFileType = wrapper.framework; includeInIndex = 0; path = Pods_nasaProject.framework; sourceTree = BUILT_PRODUCTS_DIR; };
		B58F44F4DDF8F0DAAF955AA2 /* Pods-nasaProject-nasaProjectUITests.debug.xcconfig */ = {isa = PBXFileReference; includeInIndex = 1; lastKnownFileType = text.xcconfig; name = "Pods-nasaProject-nasaProjectUITests.debug.xcconfig"; path = "Target Support Files/Pods-nasaProject-nasaProjectUITests/Pods-nasaProject-nasaProjectUITests.debug.xcconfig"; sourceTree = "<group>"; };
		CBCDE7571DF9995185506297 /* Pods_nasaProject_nasaProjectUITests.framework */ = {isa = PBXFileReference; explicitFileType = wrapper.framework; includeInIndex = 0; path = Pods_nasaProject_nasaProjectUITests.framework; sourceTree = BUILT_PRODUCTS_DIR; };
		CFD2912DFC9E74E54456209E /* Pods_nasaProjectTests.framework */ = {isa = PBXFileReference; explicitFileType = wrapper.framework; includeInIndex = 0; path = Pods_nasaProjectTests.framework; sourceTree = BUILT_PRODUCTS_DIR; };
		DF1CF3AE2CB5B78B00273F1C /* nasaProject.app */ = {isa = PBXFileReference; explicitFileType = wrapper.application; includeInIndex = 0; path = nasaProject.app; sourceTree = BUILT_PRODUCTS_DIR; };
		DF1CF3B12CB5B78B00273F1C /* AppDelegate.swift */ = {isa = PBXFileReference; lastKnownFileType = sourcecode.swift; path = AppDelegate.swift; sourceTree = "<group>"; };
		DF1CF3B32CB5B78B00273F1C /* SceneDelegate.swift */ = {isa = PBXFileReference; lastKnownFileType = sourcecode.swift; path = SceneDelegate.swift; sourceTree = "<group>"; };
		DF1CF3B52CB5B78B00273F1C /* ViewController.swift */ = {isa = PBXFileReference; lastKnownFileType = sourcecode.swift; path = ViewController.swift; sourceTree = "<group>"; };
		DF1CF3B82CB5B78B00273F1C /* Base */ = {isa = PBXFileReference; lastKnownFileType = file.storyboard; name = Base; path = Base.lproj/Main.storyboard; sourceTree = "<group>"; };
		DF1CF3BA2CB5B78C00273F1C /* Assets.xcassets */ = {isa = PBXFileReference; lastKnownFileType = folder.assetcatalog; path = Assets.xcassets; sourceTree = "<group>"; };
		DF1CF3BD2CB5B78C00273F1C /* Base */ = {isa = PBXFileReference; lastKnownFileType = file.storyboard; name = Base; path = Base.lproj/LaunchScreen.storyboard; sourceTree = "<group>"; };
		DF1CF3BF2CB5B78C00273F1C /* Info.plist */ = {isa = PBXFileReference; lastKnownFileType = text.plist.xml; path = Info.plist; sourceTree = "<group>"; };
		DF1CF3C42CB5B78C00273F1C /* nasaProjectTests.xctest */ = {isa = PBXFileReference; explicitFileType = wrapper.cfbundle; includeInIndex = 0; path = nasaProjectTests.xctest; sourceTree = BUILT_PRODUCTS_DIR; };
		DF1CF3C82CB5B78C00273F1C /* nasaProjectTests.swift */ = {isa = PBXFileReference; lastKnownFileType = sourcecode.swift; path = nasaProjectTests.swift; sourceTree = "<group>"; };
		DF1CF3CE2CB5B78C00273F1C /* nasaProjectUITests.xctest */ = {isa = PBXFileReference; explicitFileType = wrapper.cfbundle; includeInIndex = 0; path = nasaProjectUITests.xctest; sourceTree = BUILT_PRODUCTS_DIR; };
		DF1CF3D22CB5B78C00273F1C /* nasaProjectUITests.swift */ = {isa = PBXFileReference; lastKnownFileType = sourcecode.swift; path = nasaProjectUITests.swift; sourceTree = "<group>"; };
		DF1CF3D42CB5B78C00273F1C /* nasaProjectUITestsLaunchTests.swift */ = {isa = PBXFileReference; lastKnownFileType = sourcecode.swift; path = nasaProjectUITestsLaunchTests.swift; sourceTree = "<group>"; };
		DF1CF4172CB5D2A700273F1C /* FirstTabViewController.swift */ = {isa = PBXFileReference; lastKnownFileType = sourcecode.swift; path = FirstTabViewController.swift; sourceTree = "<group>"; };
		DF1CF4192CB5D2C100273F1C /* SecondTabViewController.swift */ = {isa = PBXFileReference; lastKnownFileType = sourcecode.swift; path = SecondTabViewController.swift; sourceTree = "<group>"; };
		DF1CF41B2CB5D6EE00273F1C /* SwiftUIView.swift */ = {isa = PBXFileReference; lastKnownFileType = sourcecode.swift; path = SwiftUIView.swift; sourceTree = "<group>"; };
		DF1CF41D2CB5D86A00273F1C /* Photo.swift */ = {isa = PBXFileReference; lastKnownFileType = sourcecode.swift; path = Photo.swift; sourceTree = "<group>"; };
		DF1CF4232CB7CE2E00273F1C /* PhotoDetailView.swift */ = {isa = PBXFileReference; lastKnownFileType = sourcecode.swift; path = PhotoDetailView.swift; sourceTree = "<group>"; };
		DF1CF42C2CB98E5C00273F1C /* NetworkService.framework */ = {isa = PBXFileReference; explicitFileType = wrapper.framework; includeInIndex = 0; path = NetworkService.framework; sourceTree = BUILT_PRODUCTS_DIR; };
		DF1CF42E2CB98E5C00273F1C /* NetworkService.h */ = {isa = PBXFileReference; lastKnownFileType = sourcecode.c.h; path = NetworkService.h; sourceTree = "<group>"; };
		DF1CF42F2CB98E5C00273F1C /* NetworkService.docc */ = {isa = PBXFileReference; lastKnownFileType = folder.documentationcatalog; path = NetworkService.docc; sourceTree = "<group>"; };
		DF1CF4352CB98E5C00273F1C /* NetworkServiceTests.xctest */ = {isa = PBXFileReference; explicitFileType = wrapper.cfbundle; includeInIndex = 0; path = NetworkServiceTests.xctest; sourceTree = BUILT_PRODUCTS_DIR; };
		DF1CF43C2CB98E5C00273F1C /* NetworkServiceTests.swift */ = {isa = PBXFileReference; lastKnownFileType = sourcecode.swift; path = NetworkServiceTests.swift; sourceTree = "<group>"; };
		EC82A8381F4ED547416D37D0 /* Pods-nasaProject.release.xcconfig */ = {isa = PBXFileReference; includeInIndex = 1; lastKnownFileType = text.xcconfig; name = "Pods-nasaProject.release.xcconfig"; path = "Target Support Files/Pods-nasaProject/Pods-nasaProject.release.xcconfig"; sourceTree = "<group>"; };
		EF64137D5426E7CAE44DB697 /* Pods-nasaProjectTests.release.xcconfig */ = {isa = PBXFileReference; includeInIndex = 1; lastKnownFileType = text.xcconfig; name = "Pods-nasaProjectTests.release.xcconfig"; path = "Target Support Files/Pods-nasaProjectTests/Pods-nasaProjectTests.release.xcconfig"; sourceTree = "<group>"; };
/* End PBXFileReference section */

/* Begin PBXFrameworksBuildPhase section */
		DF1CF3AB2CB5B78B00273F1C /* Frameworks */ = {
			isa = PBXFrameworksBuildPhase;
			buildActionMask = 2147483647;
			files = (
				143C6E3E20D8E82C3CAB1CBC /* Pods_nasaProject.framework in Frameworks */,
				DF1CF4412CB98E5C00273F1C /* NetworkService.framework in Frameworks */,
			);
			runOnlyForDeploymentPostprocessing = 0;
		};
		DF1CF3C12CB5B78C00273F1C /* Frameworks */ = {
			isa = PBXFrameworksBuildPhase;
			buildActionMask = 2147483647;
			files = (
				ADBBF60EDA089CF5E564FE06 /* Pods_nasaProjectTests.framework in Frameworks */,
			);
			runOnlyForDeploymentPostprocessing = 0;
		};
		DF1CF3CB2CB5B78C00273F1C /* Frameworks */ = {
			isa = PBXFrameworksBuildPhase;
			buildActionMask = 2147483647;
			files = (
				BBB7CF5F56588EC1A2802E0F /* Pods_nasaProject_nasaProjectUITests.framework in Frameworks */,
			);
			runOnlyForDeploymentPostprocessing = 0;
		};
		DF1CF4292CB98E5C00273F1C /* Frameworks */ = {
			isa = PBXFrameworksBuildPhase;
			buildActionMask = 2147483647;
			files = (
			);
			runOnlyForDeploymentPostprocessing = 0;
		};
		DF1CF4322CB98E5C00273F1C /* Frameworks */ = {
			isa = PBXFrameworksBuildPhase;
			buildActionMask = 2147483647;
			files = (
				DF1CF4362CB98E5C00273F1C /* NetworkService.framework in Frameworks */,
			);
			runOnlyForDeploymentPostprocessing = 0;
		};
/* End PBXFrameworksBuildPhase section */

/* Begin PBXGroup section */
		3384EC5189D87DF4456D771A /* Frameworks */ = {
			isa = PBXGroup;
			children = (
				A6132B370B6B7CA9F8750A5A /* Pods_nasaProject.framework */,
				CBCDE7571DF9995185506297 /* Pods_nasaProject_nasaProjectUITests.framework */,
				CFD2912DFC9E74E54456209E /* Pods_nasaProjectTests.framework */,
			);
			name = Frameworks;
			sourceTree = "<group>";
		};
		DF1CF3A52CB5B78B00273F1C = {
			isa = PBXGroup;
			children = (
				DF1CF3B02CB5B78B00273F1C /* nasaProject */,
				DF1CF3C72CB5B78C00273F1C /* nasaProjectTests */,
				DF1CF3D12CB5B78C00273F1C /* nasaProjectUITests */,
				DF1CF42D2CB98E5C00273F1C /* NetworkService */,
				DF1CF43B2CB98E5C00273F1C /* NetworkServiceTests */,
				DF1CF3AF2CB5B78B00273F1C /* Products */,
				EE10EB5E0FCF9B6500B92F6F /* Pods */,
				3384EC5189D87DF4456D771A /* Frameworks */,
			);
			sourceTree = "<group>";
		};
		DF1CF3AF2CB5B78B00273F1C /* Products */ = {
			isa = PBXGroup;
			children = (
				DF1CF3AE2CB5B78B00273F1C /* nasaProject.app */,
				DF1CF3C42CB5B78C00273F1C /* nasaProjectTests.xctest */,
				DF1CF3CE2CB5B78C00273F1C /* nasaProjectUITests.xctest */,
				DF1CF42C2CB98E5C00273F1C /* NetworkService.framework */,
				DF1CF4352CB98E5C00273F1C /* NetworkServiceTests.xctest */,
			);
			name = Products;
			sourceTree = "<group>";
		};
		DF1CF3B02CB5B78B00273F1C /* nasaProject */ = {
			isa = PBXGroup;
			children = (
				DF1CF3B12CB5B78B00273F1C /* AppDelegate.swift */,
				DF1CF3B32CB5B78B00273F1C /* SceneDelegate.swift */,
				DF1CF3B52CB5B78B00273F1C /* ViewController.swift */,
				DF1CF4172CB5D2A700273F1C /* FirstTabViewController.swift */,
				DF1CF4192CB5D2C100273F1C /* SecondTabViewController.swift */,
				DF1CF41B2CB5D6EE00273F1C /* SwiftUIView.swift */,
				DF1CF4232CB7CE2E00273F1C /* PhotoDetailView.swift */,
				DF1CF41D2CB5D86A00273F1C /* Photo.swift */,
				DF1CF3B72CB5B78B00273F1C /* Main.storyboard */,
				DF1CF3BA2CB5B78C00273F1C /* Assets.xcassets */,
				DF1CF3BC2CB5B78C00273F1C /* LaunchScreen.storyboard */,
				DF1CF3BF2CB5B78C00273F1C /* Info.plist */,
			);
			path = nasaProject;
			sourceTree = "<group>";
		};
		DF1CF3C72CB5B78C00273F1C /* nasaProjectTests */ = {
			isa = PBXGroup;
			children = (
				DF1CF3C82CB5B78C00273F1C /* nasaProjectTests.swift */,
			);
			path = nasaProjectTests;
			sourceTree = "<group>";
		};
		DF1CF3D12CB5B78C00273F1C /* nasaProjectUITests */ = {
			isa = PBXGroup;
			children = (
				DF1CF3D22CB5B78C00273F1C /* nasaProjectUITests.swift */,
				DF1CF3D42CB5B78C00273F1C /* nasaProjectUITestsLaunchTests.swift */,
			);
			path = nasaProjectUITests;
			sourceTree = "<group>";
		};
		DF1CF42D2CB98E5C00273F1C /* NetworkService */ = {
			isa = PBXGroup;
			children = (
				DF1CF42E2CB98E5C00273F1C /* NetworkService.h */,
				DF1CF42F2CB98E5C00273F1C /* NetworkService.docc */,
			);
			path = NetworkService;
			sourceTree = "<group>";
		};
		DF1CF43B2CB98E5C00273F1C /* NetworkServiceTests */ = {
			isa = PBXGroup;
			children = (
				DF1CF43C2CB98E5C00273F1C /* NetworkServiceTests.swift */,
			);
			path = NetworkServiceTests;
			sourceTree = "<group>";
		};
		EE10EB5E0FCF9B6500B92F6F /* Pods */ = {
			isa = PBXGroup;
			children = (
				8BFD222532BA2FE06974D776 /* Pods-nasaProject.debug.xcconfig */,
				EC82A8381F4ED547416D37D0 /* Pods-nasaProject.release.xcconfig */,
				B58F44F4DDF8F0DAAF955AA2 /* Pods-nasaProject-nasaProjectUITests.debug.xcconfig */,
				8841BF1EA9609269D553C036 /* Pods-nasaProject-nasaProjectUITests.release.xcconfig */,
				4AE68605F25D08BB5F958D4A /* Pods-nasaProjectTests.debug.xcconfig */,
				EF64137D5426E7CAE44DB697 /* Pods-nasaProjectTests.release.xcconfig */,
			);
			path = Pods;
			sourceTree = "<group>";
		};
/* End PBXGroup section */

/* Begin PBXHeadersBuildPhase section */
		DF1CF4272CB98E5C00273F1C /* Headers */ = {
			isa = PBXHeadersBuildPhase;
			buildActionMask = 2147483647;
			files = (
				DF1CF43E2CB98E5C00273F1C /* NetworkService.h in Headers */,
			);
			runOnlyForDeploymentPostprocessing = 0;
		};
/* End PBXHeadersBuildPhase section */

/* Begin PBXNativeTarget section */
		DF1CF3AD2CB5B78B00273F1C /* nasaProject */ = {
			isa = PBXNativeTarget;
			buildConfigurationList = DF1CF3D82CB5B78C00273F1C /* Build configuration list for PBXNativeTarget "nasaProject" */;
			buildPhases = (
				0F2D469A242252A2B011C63A /* [CP] Check Pods Manifest.lock */,
				DF1CF3AA2CB5B78B00273F1C /* Sources */,
				DF1CF3AB2CB5B78B00273F1C /* Frameworks */,
				DF1CF3AC2CB5B78B00273F1C /* Resources */,
				CC7BAF7FD03A3D0F886E5D4A /* [CP] Embed Pods Frameworks */,
				DF1CF4462CB98E5C00273F1C /* Embed Frameworks */,
			);
			buildRules = (
			);
			dependencies = (
				DF1CF4402CB98E5C00273F1C /* PBXTargetDependency */,
			);
			name = nasaProject;
			productName = nasaProject;
			productReference = DF1CF3AE2CB5B78B00273F1C /* nasaProject.app */;
			productType = "com.apple.product-type.application";
		};
		DF1CF3C32CB5B78C00273F1C /* nasaProjectTests */ = {
			isa = PBXNativeTarget;
			buildConfigurationList = DF1CF3DB2CB5B78C00273F1C /* Build configuration list for PBXNativeTarget "nasaProjectTests" */;
			buildPhases = (
				348D630B628CDB40604D5404 /* [CP] Check Pods Manifest.lock */,
				DF1CF3C02CB5B78C00273F1C /* Sources */,
				DF1CF3C12CB5B78C00273F1C /* Frameworks */,
				DF1CF3C22CB5B78C00273F1C /* Resources */,
			);
			buildRules = (
			);
			dependencies = (
				DF1CF3C62CB5B78C00273F1C /* PBXTargetDependency */,
			);
			name = nasaProjectTests;
			productName = nasaProjectTests;
			productReference = DF1CF3C42CB5B78C00273F1C /* nasaProjectTests.xctest */;
			productType = "com.apple.product-type.bundle.unit-test";
		};
		DF1CF3CD2CB5B78C00273F1C /* nasaProjectUITests */ = {
			isa = PBXNativeTarget;
			buildConfigurationList = DF1CF3DE2CB5B78C00273F1C /* Build configuration list for PBXNativeTarget "nasaProjectUITests" */;
			buildPhases = (
				5CD06FFE8A3D9BEDD956050E /* [CP] Check Pods Manifest.lock */,
				DF1CF3CA2CB5B78C00273F1C /* Sources */,
				DF1CF3CB2CB5B78C00273F1C /* Frameworks */,
				DF1CF3CC2CB5B78C00273F1C /* Resources */,
				5C5F3DC05854D7EB211FDDD6 /* [CP] Embed Pods Frameworks */,
			);
			buildRules = (
			);
			dependencies = (
				DF1CF3D02CB5B78C00273F1C /* PBXTargetDependency */,
			);
			name = nasaProjectUITests;
			productName = nasaProjectUITests;
			productReference = DF1CF3CE2CB5B78C00273F1C /* nasaProjectUITests.xctest */;
			productType = "com.apple.product-type.bundle.ui-testing";
		};
		DF1CF42B2CB98E5C00273F1C /* NetworkService */ = {
			isa = PBXNativeTarget;
			buildConfigurationList = DF1CF4432CB98E5C00273F1C /* Build configuration list for PBXNativeTarget "NetworkService" */;
			buildPhases = (
				DF1CF4272CB98E5C00273F1C /* Headers */,
				DF1CF4282CB98E5C00273F1C /* Sources */,
				DF1CF4292CB98E5C00273F1C /* Frameworks */,
				DF1CF42A2CB98E5C00273F1C /* Resources */,
			);
			buildRules = (
			);
			dependencies = (
			);
			name = NetworkService;
			productName = NetworkService;
			productReference = DF1CF42C2CB98E5C00273F1C /* NetworkService.framework */;
			productType = "com.apple.product-type.framework";
		};
		DF1CF4342CB98E5C00273F1C /* NetworkServiceTests */ = {
			isa = PBXNativeTarget;
			buildConfigurationList = DF1CF4472CB98E5C00273F1C /* Build configuration list for PBXNativeTarget "NetworkServiceTests" */;
			buildPhases = (
				DF1CF4312CB98E5C00273F1C /* Sources */,
				DF1CF4322CB98E5C00273F1C /* Frameworks */,
				DF1CF4332CB98E5C00273F1C /* Resources */,
			);
			buildRules = (
			);
			dependencies = (
				DF1CF4382CB98E5C00273F1C /* PBXTargetDependency */,
				DF1CF43A2CB98E5C00273F1C /* PBXTargetDependency */,
			);
			name = NetworkServiceTests;
			productName = NetworkServiceTests;
			productReference = DF1CF4352CB98E5C00273F1C /* NetworkServiceTests.xctest */;
			productType = "com.apple.product-type.bundle.unit-test";
		};
/* End PBXNativeTarget section */

/* Begin PBXProject section */
		DF1CF3A62CB5B78B00273F1C /* Project object */ = {
			isa = PBXProject;
			attributes = {
				BuildIndependentTargetsInParallel = 1;
				LastSwiftUpdateCheck = 1520;
				LastUpgradeCheck = 1520;
				TargetAttributes = {
					DF1CF3AD2CB5B78B00273F1C = {
						CreatedOnToolsVersion = 15.2;
					};
					DF1CF3C32CB5B78C00273F1C = {
						CreatedOnToolsVersion = 15.2;
						TestTargetID = DF1CF3AD2CB5B78B00273F1C;
					};
					DF1CF3CD2CB5B78C00273F1C = {
						CreatedOnToolsVersion = 15.2;
						TestTargetID = DF1CF3AD2CB5B78B00273F1C;
					};
					DF1CF42B2CB98E5C00273F1C = {
						CreatedOnToolsVersion = 15.2;
					};
					DF1CF4342CB98E5C00273F1C = {
						CreatedOnToolsVersion = 15.2;
						TestTargetID = DF1CF3AD2CB5B78B00273F1C;
					};
				};
			};
			buildConfigurationList = DF1CF3A92CB5B78B00273F1C /* Build configuration list for PBXProject "nasaProject" */;
			compatibilityVersion = "Xcode 14.0";
			developmentRegion = en;
			hasScannedForEncodings = 0;
			knownRegions = (
				en,
				Base,
			);
			mainGroup = DF1CF3A52CB5B78B00273F1C;
			productRefGroup = DF1CF3AF2CB5B78B00273F1C /* Products */;
			projectDirPath = "";
			projectRoot = "";
			targets = (
				DF1CF3AD2CB5B78B00273F1C /* nasaProject */,
				DF1CF3C32CB5B78C00273F1C /* nasaProjectTests */,
				DF1CF3CD2CB5B78C00273F1C /* nasaProjectUITests */,
				DF1CF42B2CB98E5C00273F1C /* NetworkService */,
				DF1CF4342CB98E5C00273F1C /* NetworkServiceTests */,
			);
		};
/* End PBXProject section */

/* Begin PBXResourcesBuildPhase section */
		DF1CF3AC2CB5B78B00273F1C /* Resources */ = {
			isa = PBXResourcesBuildPhase;
			buildActionMask = 2147483647;
			files = (
				DF1CF3BE2CB5B78C00273F1C /* LaunchScreen.storyboard in Resources */,
				DF1CF3BB2CB5B78C00273F1C /* Assets.xcassets in Resources */,
				DF1CF3B92CB5B78B00273F1C /* Main.storyboard in Resources */,
			);
			runOnlyForDeploymentPostprocessing = 0;
		};
		DF1CF3C22CB5B78C00273F1C /* Resources */ = {
			isa = PBXResourcesBuildPhase;
			buildActionMask = 2147483647;
			files = (
			);
			runOnlyForDeploymentPostprocessing = 0;
		};
		DF1CF3CC2CB5B78C00273F1C /* Resources */ = {
			isa = PBXResourcesBuildPhase;
			buildActionMask = 2147483647;
			files = (
			);
			runOnlyForDeploymentPostprocessing = 0;
		};
		DF1CF42A2CB98E5C00273F1C /* Resources */ = {
			isa = PBXResourcesBuildPhase;
			buildActionMask = 2147483647;
			files = (
			);
			runOnlyForDeploymentPostprocessing = 0;
		};
		DF1CF4332CB98E5C00273F1C /* Resources */ = {
			isa = PBXResourcesBuildPhase;
			buildActionMask = 2147483647;
			files = (
			);
			runOnlyForDeploymentPostprocessing = 0;
		};
/* End PBXResourcesBuildPhase section */

/* Begin PBXShellScriptBuildPhase section */
		0F2D469A242252A2B011C63A /* [CP] Check Pods Manifest.lock */ = {
			isa = PBXShellScriptBuildPhase;
			buildActionMask = 2147483647;
			files = (
			);
			inputFileListPaths = (
			);
			inputPaths = (
				"${PODS_PODFILE_DIR_PATH}/Podfile.lock",
				"${PODS_ROOT}/Manifest.lock",
			);
			name = "[CP] Check Pods Manifest.lock";
			outputFileListPaths = (
			);
			outputPaths = (
				"$(DERIVED_FILE_DIR)/Pods-nasaProject-checkManifestLockResult.txt",
			);
			runOnlyForDeploymentPostprocessing = 0;
			shellPath = /bin/sh;
			shellScript = "diff \"${PODS_PODFILE_DIR_PATH}/Podfile.lock\" \"${PODS_ROOT}/Manifest.lock\" > /dev/null\nif [ $? != 0 ] ; then\n    # print error to STDERR\n    echo \"error: The sandbox is not in sync with the Podfile.lock. Run 'pod install' or update your CocoaPods installation.\" >&2\n    exit 1\nfi\n# This output is used by Xcode 'outputs' to avoid re-running this script phase.\necho \"SUCCESS\" > \"${SCRIPT_OUTPUT_FILE_0}\"\n";
			showEnvVarsInLog = 0;
		};
		348D630B628CDB40604D5404 /* [CP] Check Pods Manifest.lock */ = {
			isa = PBXShellScriptBuildPhase;
			buildActionMask = 2147483647;
			files = (
			);
			inputFileListPaths = (
			);
			inputPaths = (
				"${PODS_PODFILE_DIR_PATH}/Podfile.lock",
				"${PODS_ROOT}/Manifest.lock",
			);
			name = "[CP] Check Pods Manifest.lock";
			outputFileListPaths = (
			);
			outputPaths = (
				"$(DERIVED_FILE_DIR)/Pods-nasaProjectTests-checkManifestLockResult.txt",
			);
			runOnlyForDeploymentPostprocessing = 0;
			shellPath = /bin/sh;
			shellScript = "diff \"${PODS_PODFILE_DIR_PATH}/Podfile.lock\" \"${PODS_ROOT}/Manifest.lock\" > /dev/null\nif [ $? != 0 ] ; then\n    # print error to STDERR\n    echo \"error: The sandbox is not in sync with the Podfile.lock. Run 'pod install' or update your CocoaPods installation.\" >&2\n    exit 1\nfi\n# This output is used by Xcode 'outputs' to avoid re-running this script phase.\necho \"SUCCESS\" > \"${SCRIPT_OUTPUT_FILE_0}\"\n";
			showEnvVarsInLog = 0;
		};
		5C5F3DC05854D7EB211FDDD6 /* [CP] Embed Pods Frameworks */ = {
			isa = PBXShellScriptBuildPhase;
			buildActionMask = 2147483647;
			files = (
			);
			inputFileListPaths = (
				"${PODS_ROOT}/Target Support Files/Pods-nasaProject-nasaProjectUITests/Pods-nasaProject-nasaProjectUITests-frameworks-${CONFIGURATION}-input-files.xcfilelist",
			);
			name = "[CP] Embed Pods Frameworks";
			outputFileListPaths = (
				"${PODS_ROOT}/Target Support Files/Pods-nasaProject-nasaProjectUITests/Pods-nasaProject-nasaProjectUITests-frameworks-${CONFIGURATION}-output-files.xcfilelist",
			);
			runOnlyForDeploymentPostprocessing = 0;
			shellPath = /bin/sh;
			shellScript = "\"${PODS_ROOT}/Target Support Files/Pods-nasaProject-nasaProjectUITests/Pods-nasaProject-nasaProjectUITests-frameworks.sh\"\n";
			showEnvVarsInLog = 0;
		};
		5CD06FFE8A3D9BEDD956050E /* [CP] Check Pods Manifest.lock */ = {
			isa = PBXShellScriptBuildPhase;
			buildActionMask = 2147483647;
			files = (
			);
			inputFileListPaths = (
			);
			inputPaths = (
				"${PODS_PODFILE_DIR_PATH}/Podfile.lock",
				"${PODS_ROOT}/Manifest.lock",
			);
			name = "[CP] Check Pods Manifest.lock";
			outputFileListPaths = (
			);
			outputPaths = (
				"$(DERIVED_FILE_DIR)/Pods-nasaProject-nasaProjectUITests-checkManifestLockResult.txt",
			);
			runOnlyForDeploymentPostprocessing = 0;
			shellPath = /bin/sh;
			shellScript = "diff \"${PODS_PODFILE_DIR_PATH}/Podfile.lock\" \"${PODS_ROOT}/Manifest.lock\" > /dev/null\nif [ $? != 0 ] ; then\n    # print error to STDERR\n    echo \"error: The sandbox is not in sync with the Podfile.lock. Run 'pod install' or update your CocoaPods installation.\" >&2\n    exit 1\nfi\n# This output is used by Xcode 'outputs' to avoid re-running this script phase.\necho \"SUCCESS\" > \"${SCRIPT_OUTPUT_FILE_0}\"\n";
			showEnvVarsInLog = 0;
		};
		CC7BAF7FD03A3D0F886E5D4A /* [CP] Embed Pods Frameworks */ = {
			isa = PBXShellScriptBuildPhase;
			buildActionMask = 2147483647;
			files = (
			);
			inputFileListPaths = (
				"${PODS_ROOT}/Target Support Files/Pods-nasaProject/Pods-nasaProject-frameworks-${CONFIGURATION}-input-files.xcfilelist",
			);
			name = "[CP] Embed Pods Frameworks";
			outputFileListPaths = (
				"${PODS_ROOT}/Target Support Files/Pods-nasaProject/Pods-nasaProject-frameworks-${CONFIGURATION}-output-files.xcfilelist",
			);
			runOnlyForDeploymentPostprocessing = 0;
			shellPath = /bin/sh;
			shellScript = "\"${PODS_ROOT}/Target Support Files/Pods-nasaProject/Pods-nasaProject-frameworks.sh\"\n";
			showEnvVarsInLog = 0;
		};
/* End PBXShellScriptBuildPhase section */

/* Begin PBXSourcesBuildPhase section */
		DF1CF3AA2CB5B78B00273F1C /* Sources */ = {
			isa = PBXSourcesBuildPhase;
			buildActionMask = 2147483647;
			files = (
				DF1CF4242CB7CE2E00273F1C /* PhotoDetailView.swift in Sources */,
				DF1CF41E2CB5D86A00273F1C /* Photo.swift in Sources */,
				DF1CF3B62CB5B78B00273F1C /* ViewController.swift in Sources */,
				DF1CF41A2CB5D2C100273F1C /* SecondTabViewController.swift in Sources */,
				DF1CF41C2CB5D6EE00273F1C /* SwiftUIView.swift in Sources */,
				DF1CF4182CB5D2A700273F1C /* FirstTabViewController.swift in Sources */,
				DF1CF3B22CB5B78B00273F1C /* AppDelegate.swift in Sources */,
				DF1CF3B42CB5B78B00273F1C /* SceneDelegate.swift in Sources */,
			);
			runOnlyForDeploymentPostprocessing = 0;
		};
		DF1CF3C02CB5B78C00273F1C /* Sources */ = {
			isa = PBXSourcesBuildPhase;
			buildActionMask = 2147483647;
			files = (
				DF1CF3C92CB5B78C00273F1C /* nasaProjectTests.swift in Sources */,
			);
			runOnlyForDeploymentPostprocessing = 0;
		};
		DF1CF3CA2CB5B78C00273F1C /* Sources */ = {
			isa = PBXSourcesBuildPhase;
			buildActionMask = 2147483647;
			files = (
				DF1CF3D32CB5B78C00273F1C /* nasaProjectUITests.swift in Sources */,
				DF1CF3D52CB5B78C00273F1C /* nasaProjectUITestsLaunchTests.swift in Sources */,
			);
			runOnlyForDeploymentPostprocessing = 0;
		};
		DF1CF4282CB98E5C00273F1C /* Sources */ = {
			isa = PBXSourcesBuildPhase;
			buildActionMask = 2147483647;
			files = (
				DF1CF4302CB98E5C00273F1C /* NetworkService.docc in Sources */,
			);
			runOnlyForDeploymentPostprocessing = 0;
		};
		DF1CF4312CB98E5C00273F1C /* Sources */ = {
			isa = PBXSourcesBuildPhase;
			buildActionMask = 2147483647;
			files = (
				DF1CF43D2CB98E5C00273F1C /* NetworkServiceTests.swift in Sources */,
			);
			runOnlyForDeploymentPostprocessing = 0;
		};
/* End PBXSourcesBuildPhase section */

/* Begin PBXTargetDependency section */
		DF1CF3C62CB5B78C00273F1C /* PBXTargetDependency */ = {
			isa = PBXTargetDependency;
			target = DF1CF3AD2CB5B78B00273F1C /* nasaProject */;
			targetProxy = DF1CF3C52CB5B78C00273F1C /* PBXContainerItemProxy */;
		};
		DF1CF3D02CB5B78C00273F1C /* PBXTargetDependency */ = {
			isa = PBXTargetDependency;
			target = DF1CF3AD2CB5B78B00273F1C /* nasaProject */;
			targetProxy = DF1CF3CF2CB5B78C00273F1C /* PBXContainerItemProxy */;
		};
		DF1CF4382CB98E5C00273F1C /* PBXTargetDependency */ = {
			isa = PBXTargetDependency;
			target = DF1CF42B2CB98E5C00273F1C /* NetworkService */;
			targetProxy = DF1CF4372CB98E5C00273F1C /* PBXContainerItemProxy */;
		};
		DF1CF43A2CB98E5C00273F1C /* PBXTargetDependency */ = {
			isa = PBXTargetDependency;
			target = DF1CF3AD2CB5B78B00273F1C /* nasaProject */;
			targetProxy = DF1CF4392CB98E5C00273F1C /* PBXContainerItemProxy */;
		};
		DF1CF4402CB98E5C00273F1C /* PBXTargetDependency */ = {
			isa = PBXTargetDependency;
			target = DF1CF42B2CB98E5C00273F1C /* NetworkService */;
			targetProxy = DF1CF43F2CB98E5C00273F1C /* PBXContainerItemProxy */;
		};
/* End PBXTargetDependency section */

/* Begin PBXVariantGroup section */
		DF1CF3B72CB5B78B00273F1C /* Main.storyboard */ = {
			isa = PBXVariantGroup;
			children = (
				DF1CF3B82CB5B78B00273F1C /* Base */,
			);
			name = Main.storyboard;
			sourceTree = "<group>";
		};
		DF1CF3BC2CB5B78C00273F1C /* LaunchScreen.storyboard */ = {
			isa = PBXVariantGroup;
			children = (
				DF1CF3BD2CB5B78C00273F1C /* Base */,
			);
			name = LaunchScreen.storyboard;
			sourceTree = "<group>";
		};
/* End PBXVariantGroup section */

/* Begin XCBuildConfiguration section */
		DF1CF3D62CB5B78C00273F1C /* Debug */ = {
			isa = XCBuildConfiguration;
			buildSettings = {
				ALWAYS_SEARCH_USER_PATHS = NO;
				ASSETCATALOG_COMPILER_GENERATE_SWIFT_ASSET_SYMBOL_EXTENSIONS = YES;
				CLANG_ANALYZER_NONNULL = YES;
				CLANG_ANALYZER_NUMBER_OBJECT_CONVERSION = YES_AGGRESSIVE;
				CLANG_CXX_LANGUAGE_STANDARD = "gnu++20";
				CLANG_ENABLE_MODULES = YES;
				CLANG_ENABLE_OBJC_ARC = YES;
				CLANG_ENABLE_OBJC_WEAK = YES;
				CLANG_WARN_BLOCK_CAPTURE_AUTORELEASING = YES;
				CLANG_WARN_BOOL_CONVERSION = YES;
				CLANG_WARN_COMMA = YES;
				CLANG_WARN_CONSTANT_CONVERSION = YES;
				CLANG_WARN_DEPRECATED_OBJC_IMPLEMENTATIONS = YES;
				CLANG_WARN_DIRECT_OBJC_ISA_USAGE = YES_ERROR;
				CLANG_WARN_DOCUMENTATION_COMMENTS = YES;
				CLANG_WARN_EMPTY_BODY = YES;
				CLANG_WARN_ENUM_CONVERSION = YES;
				CLANG_WARN_INFINITE_RECURSION = YES;
				CLANG_WARN_INT_CONVERSION = YES;
				CLANG_WARN_NON_LITERAL_NULL_CONVERSION = YES;
				CLANG_WARN_OBJC_IMPLICIT_RETAIN_SELF = YES;
				CLANG_WARN_OBJC_LITERAL_CONVERSION = YES;
				CLANG_WARN_OBJC_ROOT_CLASS = YES_ERROR;
				CLANG_WARN_QUOTED_INCLUDE_IN_FRAMEWORK_HEADER = YES;
				CLANG_WARN_RANGE_LOOP_ANALYSIS = YES;
				CLANG_WARN_STRICT_PROTOTYPES = YES;
				CLANG_WARN_SUSPICIOUS_MOVE = YES;
				CLANG_WARN_UNGUARDED_AVAILABILITY = YES_AGGRESSIVE;
				CLANG_WARN_UNREACHABLE_CODE = YES;
				CLANG_WARN__DUPLICATE_METHOD_MATCH = YES;
				COPY_PHASE_STRIP = NO;
				DEBUG_INFORMATION_FORMAT = dwarf;
				ENABLE_STRICT_OBJC_MSGSEND = YES;
				ENABLE_TESTABILITY = YES;
				ENABLE_USER_SCRIPT_SANDBOXING = YES;
				GCC_C_LANGUAGE_STANDARD = gnu17;
				GCC_DYNAMIC_NO_PIC = NO;
				GCC_NO_COMMON_BLOCKS = YES;
				GCC_OPTIMIZATION_LEVEL = 0;
				GCC_PREPROCESSOR_DEFINITIONS = (
					"DEBUG=1",
					"$(inherited)",
				);
				GCC_WARN_64_TO_32_BIT_CONVERSION = YES;
				GCC_WARN_ABOUT_RETURN_TYPE = YES_ERROR;
				GCC_WARN_UNDECLARED_SELECTOR = YES;
				GCC_WARN_UNINITIALIZED_AUTOS = YES_AGGRESSIVE;
				GCC_WARN_UNUSED_FUNCTION = YES;
				GCC_WARN_UNUSED_VARIABLE = YES;
				IPHONEOS_DEPLOYMENT_TARGET = 17.2;
				LOCALIZATION_PREFERS_STRING_CATALOGS = YES;
				MTL_ENABLE_DEBUG_INFO = INCLUDE_SOURCE;
				MTL_FAST_MATH = YES;
				ONLY_ACTIVE_ARCH = YES;
				SDKROOT = iphoneos;
				SWIFT_ACTIVE_COMPILATION_CONDITIONS = "DEBUG $(inherited)";
				SWIFT_OPTIMIZATION_LEVEL = "-Onone";
			};
			name = Debug;
		};
		DF1CF3D72CB5B78C00273F1C /* Release */ = {
			isa = XCBuildConfiguration;
			buildSettings = {
				ALWAYS_SEARCH_USER_PATHS = NO;
				ASSETCATALOG_COMPILER_GENERATE_SWIFT_ASSET_SYMBOL_EXTENSIONS = YES;
				CLANG_ANALYZER_NONNULL = YES;
				CLANG_ANALYZER_NUMBER_OBJECT_CONVERSION = YES_AGGRESSIVE;
				CLANG_CXX_LANGUAGE_STANDARD = "gnu++20";
				CLANG_ENABLE_MODULES = YES;
				CLANG_ENABLE_OBJC_ARC = YES;
				CLANG_ENABLE_OBJC_WEAK = YES;
				CLANG_WARN_BLOCK_CAPTURE_AUTORELEASING = YES;
				CLANG_WARN_BOOL_CONVERSION = YES;
				CLANG_WARN_COMMA = YES;
				CLANG_WARN_CONSTANT_CONVERSION = YES;
				CLANG_WARN_DEPRECATED_OBJC_IMPLEMENTATIONS = YES;
				CLANG_WARN_DIRECT_OBJC_ISA_USAGE = YES_ERROR;
				CLANG_WARN_DOCUMENTATION_COMMENTS = YES;
				CLANG_WARN_EMPTY_BODY = YES;
				CLANG_WARN_ENUM_CONVERSION = YES;
				CLANG_WARN_INFINITE_RECURSION = YES;
				CLANG_WARN_INT_CONVERSION = YES;
				CLANG_WARN_NON_LITERAL_NULL_CONVERSION = YES;
				CLANG_WARN_OBJC_IMPLICIT_RETAIN_SELF = YES;
				CLANG_WARN_OBJC_LITERAL_CONVERSION = YES;
				CLANG_WARN_OBJC_ROOT_CLASS = YES_ERROR;
				CLANG_WARN_QUOTED_INCLUDE_IN_FRAMEWORK_HEADER = YES;
				CLANG_WARN_RANGE_LOOP_ANALYSIS = YES;
				CLANG_WARN_STRICT_PROTOTYPES = YES;
				CLANG_WARN_SUSPICIOUS_MOVE = YES;
				CLANG_WARN_UNGUARDED_AVAILABILITY = YES_AGGRESSIVE;
				CLANG_WARN_UNREACHABLE_CODE = YES;
				CLANG_WARN__DUPLICATE_METHOD_MATCH = YES;
				COPY_PHASE_STRIP = NO;
				DEBUG_INFORMATION_FORMAT = "dwarf-with-dsym";
				ENABLE_NS_ASSERTIONS = NO;
				ENABLE_STRICT_OBJC_MSGSEND = YES;
				ENABLE_USER_SCRIPT_SANDBOXING = YES;
				GCC_C_LANGUAGE_STANDARD = gnu17;
				GCC_NO_COMMON_BLOCKS = YES;
				GCC_WARN_64_TO_32_BIT_CONVERSION = YES;
				GCC_WARN_ABOUT_RETURN_TYPE = YES_ERROR;
				GCC_WARN_UNDECLARED_SELECTOR = YES;
				GCC_WARN_UNINITIALIZED_AUTOS = YES_AGGRESSIVE;
				GCC_WARN_UNUSED_FUNCTION = YES;
				GCC_WARN_UNUSED_VARIABLE = YES;
				IPHONEOS_DEPLOYMENT_TARGET = 17.2;
				LOCALIZATION_PREFERS_STRING_CATALOGS = YES;
				MTL_ENABLE_DEBUG_INFO = NO;
				MTL_FAST_MATH = YES;
				SDKROOT = iphoneos;
				SWIFT_COMPILATION_MODE = wholemodule;
				VALIDATE_PRODUCT = YES;
			};
			name = Release;
		};
		DF1CF3D92CB5B78C00273F1C /* Debug */ = {
			isa = XCBuildConfiguration;
			baseConfigurationReference = 8BFD222532BA2FE06974D776 /* Pods-nasaProject.debug.xcconfig */;
			buildSettings = {
				ASSETCATALOG_COMPILER_APPICON_NAME = AppIcon;
				ASSETCATALOG_COMPILER_GLOBAL_ACCENT_COLOR_NAME = AccentColor;
				CODE_SIGN_STYLE = Automatic;
				CURRENT_PROJECT_VERSION = 1;
				DEVELOPMENT_TEAM = 6U2A7J9577;
				ENABLE_USER_SCRIPT_SANDBOXING = NO;
				GENERATE_INFOPLIST_FILE = YES;
				INFOPLIST_FILE = nasaProject/Info.plist;
				INFOPLIST_KEY_UIApplicationSupportsIndirectInputEvents = YES;
				INFOPLIST_KEY_UILaunchStoryboardName = LaunchScreen;
				INFOPLIST_KEY_UIMainStoryboardFile = Main;
				INFOPLIST_KEY_UISupportedInterfaceOrientations_iPad = "UIInterfaceOrientationPortrait UIInterfaceOrientationPortraitUpsideDown UIInterfaceOrientationLandscapeLeft UIInterfaceOrientationLandscapeRight";
				INFOPLIST_KEY_UISupportedInterfaceOrientations_iPhone = "UIInterfaceOrientationPortrait UIInterfaceOrientationLandscapeLeft UIInterfaceOrientationLandscapeRight";
				LD_RUNPATH_SEARCH_PATHS = (
					"$(inherited)",
					"@executable_path/Frameworks",
				);
				MARKETING_VERSION = 1.0;
				PRODUCT_BUNDLE_IDENTIFIER = com.TPlink.nasaProject;
				PRODUCT_NAME = "$(TARGET_NAME)";
				SWIFT_EMIT_LOC_STRINGS = YES;
				SWIFT_VERSION = 5.0;
				TARGETED_DEVICE_FAMILY = "1,2";
			};
			name = Debug;
		};
		DF1CF3DA2CB5B78C00273F1C /* Release */ = {
			isa = XCBuildConfiguration;
			baseConfigurationReference = EC82A8381F4ED547416D37D0 /* Pods-nasaProject.release.xcconfig */;
			buildSettings = {
				ASSETCATALOG_COMPILER_APPICON_NAME = AppIcon;
				ASSETCATALOG_COMPILER_GLOBAL_ACCENT_COLOR_NAME = AccentColor;
				CODE_SIGN_STYLE = Automatic;
				CURRENT_PROJECT_VERSION = 1;
				DEVELOPMENT_TEAM = 6U2A7J9577;
				ENABLE_USER_SCRIPT_SANDBOXING = NO;
				GENERATE_INFOPLIST_FILE = YES;
				INFOPLIST_FILE = nasaProject/Info.plist;
				INFOPLIST_KEY_UIApplicationSupportsIndirectInputEvents = YES;
				INFOPLIST_KEY_UILaunchStoryboardName = LaunchScreen;
				INFOPLIST_KEY_UIMainStoryboardFile = Main;
				INFOPLIST_KEY_UISupportedInterfaceOrientations_iPad = "UIInterfaceOrientationPortrait UIInterfaceOrientationPortraitUpsideDown UIInterfaceOrientationLandscapeLeft UIInterfaceOrientationLandscapeRight";
				INFOPLIST_KEY_UISupportedInterfaceOrientations_iPhone = "UIInterfaceOrientationPortrait UIInterfaceOrientationLandscapeLeft UIInterfaceOrientationLandscapeRight";
				LD_RUNPATH_SEARCH_PATHS = (
					"$(inherited)",
					"@executable_path/Frameworks",
				);
				MARKETING_VERSION = 1.0;
				PRODUCT_BUNDLE_IDENTIFIER = com.TPlink.nasaProject;
				PRODUCT_NAME = "$(TARGET_NAME)";
				SWIFT_EMIT_LOC_STRINGS = YES;
				SWIFT_VERSION = 5.0;
				TARGETED_DEVICE_FAMILY = "1,2";
			};
			name = Release;
		};
		DF1CF3DC2CB5B78C00273F1C /* Debug */ = {
			isa = XCBuildConfiguration;
			baseConfigurationReference = 4AE68605F25D08BB5F958D4A /* Pods-nasaProjectTests.debug.xcconfig */;
			buildSettings = {
				ALWAYS_EMBED_SWIFT_STANDARD_LIBRARIES = YES;
				BUNDLE_LOADER = "$(TEST_HOST)";
				CODE_SIGN_STYLE = Automatic;
				CURRENT_PROJECT_VERSION = 1;
				DEVELOPMENT_TEAM = 6U2A7J9577;
				GENERATE_INFOPLIST_FILE = YES;
				IPHONEOS_DEPLOYMENT_TARGET = 17.2;
				MARKETING_VERSION = 1.0;
				PRODUCT_BUNDLE_IDENTIFIER = com.TPlink.nasaProjectTests;
				PRODUCT_NAME = "$(TARGET_NAME)";
				SWIFT_EMIT_LOC_STRINGS = NO;
				SWIFT_VERSION = 5.0;
				TARGETED_DEVICE_FAMILY = "1,2";
				TEST_HOST = "$(BUILT_PRODUCTS_DIR)/nasaProject.app/$(BUNDLE_EXECUTABLE_FOLDER_PATH)/nasaProject";
			};
			name = Debug;
		};
		DF1CF3DD2CB5B78C00273F1C /* Release */ = {
			isa = XCBuildConfiguration;
			baseConfigurationReference = EF64137D5426E7CAE44DB697 /* Pods-nasaProjectTests.release.xcconfig */;
			buildSettings = {
				ALWAYS_EMBED_SWIFT_STANDARD_LIBRARIES = YES;
				BUNDLE_LOADER = "$(TEST_HOST)";
				CODE_SIGN_STYLE = Automatic;
				CURRENT_PROJECT_VERSION = 1;
				DEVELOPMENT_TEAM = 6U2A7J9577;
				GENERATE_INFOPLIST_FILE = YES;
				IPHONEOS_DEPLOYMENT_TARGET = 17.2;
				MARKETING_VERSION = 1.0;
				PRODUCT_BUNDLE_IDENTIFIER = com.TPlink.nasaProjectTests;
				PRODUCT_NAME = "$(TARGET_NAME)";
				SWIFT_EMIT_LOC_STRINGS = NO;
				SWIFT_VERSION = 5.0;
				TARGETED_DEVICE_FAMILY = "1,2";
				TEST_HOST = "$(BUILT_PRODUCTS_DIR)/nasaProject.app/$(BUNDLE_EXECUTABLE_FOLDER_PATH)/nasaProject";
			};
			name = Release;
		};
		DF1CF3DF2CB5B78C00273F1C /* Debug */ = {
			isa = XCBuildConfiguration;
			baseConfigurationReference = B58F44F4DDF8F0DAAF955AA2 /* Pods-nasaProject-nasaProjectUITests.debug.xcconfig */;
			buildSettings = {
				ALWAYS_EMBED_SWIFT_STANDARD_LIBRARIES = YES;
				CODE_SIGN_STYLE = Automatic;
				CURRENT_PROJECT_VERSION = 1;
				DEVELOPMENT_TEAM = 6U2A7J9577;
				GENERATE_INFOPLIST_FILE = YES;
				MARKETING_VERSION = 1.0;
				PRODUCT_BUNDLE_IDENTIFIER = com.TPlink.nasaProjectUITests;
				PRODUCT_NAME = "$(TARGET_NAME)";
				SWIFT_EMIT_LOC_STRINGS = NO;
				SWIFT_VERSION = 5.0;
				TARGETED_DEVICE_FAMILY = "1,2";
				TEST_TARGET_NAME = nasaProject;
			};
			name = Debug;
		};
		DF1CF3E02CB5B78C00273F1C /* Release */ = {
			isa = XCBuildConfiguration;
			baseConfigurationReference = 8841BF1EA9609269D553C036 /* Pods-nasaProject-nasaProjectUITests.release.xcconfig */;
			buildSettings = {
				ALWAYS_EMBED_SWIFT_STANDARD_LIBRARIES = YES;
				CODE_SIGN_STYLE = Automatic;
				CURRENT_PROJECT_VERSION = 1;
				DEVELOPMENT_TEAM = 6U2A7J9577;
				GENERATE_INFOPLIST_FILE = YES;
				MARKETING_VERSION = 1.0;
				PRODUCT_BUNDLE_IDENTIFIER = com.TPlink.nasaProjectUITests;
				PRODUCT_NAME = "$(TARGET_NAME)";
				SWIFT_EMIT_LOC_STRINGS = NO;
				SWIFT_VERSION = 5.0;
				TARGETED_DEVICE_FAMILY = "1,2";
				TEST_TARGET_NAME = nasaProject;
			};
			name = Release;
		};
		DF1CF4442CB98E5C00273F1C /* Debug */ = {
			isa = XCBuildConfiguration;
			buildSettings = {
				CODE_SIGN_STYLE = Automatic;
				CURRENT_PROJECT_VERSION = 1;
				DEFINES_MODULE = YES;
				DEVELOPMENT_TEAM = 6U2A7J9577;
				DYLIB_COMPATIBILITY_VERSION = 1;
				DYLIB_CURRENT_VERSION = 1;
				DYLIB_INSTALL_NAME_BASE = "@rpath";
				ENABLE_MODULE_VERIFIER = YES;
				GENERATE_INFOPLIST_FILE = YES;
				INFOPLIST_KEY_NSHumanReadableCopyright = "";
				INSTALL_PATH = "$(LOCAL_LIBRARY_DIR)/Frameworks";
				LD_RUNPATH_SEARCH_PATHS = (
					"$(inherited)",
					"@executable_path/Frameworks",
					"@loader_path/Frameworks",
				);
				MARKETING_VERSION = 1.0;
				MODULE_VERIFIER_SUPPORTED_LANGUAGES = "objective-c objective-c++";
				MODULE_VERIFIER_SUPPORTED_LANGUAGE_STANDARDS = "gnu17 gnu++20";
				PRODUCT_BUNDLE_IDENTIFIER = com.TPlink.NetworkService;
				PRODUCT_NAME = "$(TARGET_NAME:c99extidentifier)";
				SKIP_INSTALL = YES;
				SWIFT_EMIT_LOC_STRINGS = YES;
				SWIFT_VERSION = 5.0;
				TARGETED_DEVICE_FAMILY = "1,2";
				VERSIONING_SYSTEM = "apple-generic";
				VERSION_INFO_PREFIX = "";
			};
			name = Debug;
		};
		DF1CF4452CB98E5C00273F1C /* Release */ = {
			isa = XCBuildConfiguration;
			buildSettings = {
				CODE_SIGN_STYLE = Automatic;
				CURRENT_PROJECT_VERSION = 1;
				DEFINES_MODULE = YES;
				DEVELOPMENT_TEAM = 6U2A7J9577;
				DYLIB_COMPATIBILITY_VERSION = 1;
				DYLIB_CURRENT_VERSION = 1;
				DYLIB_INSTALL_NAME_BASE = "@rpath";
				ENABLE_MODULE_VERIFIER = YES;
				GENERATE_INFOPLIST_FILE = YES;
				INFOPLIST_KEY_NSHumanReadableCopyright = "";
				INSTALL_PATH = "$(LOCAL_LIBRARY_DIR)/Frameworks";
				LD_RUNPATH_SEARCH_PATHS = (
					"$(inherited)",
					"@executable_path/Frameworks",
					"@loader_path/Frameworks",
				);
				MARKETING_VERSION = 1.0;
				MODULE_VERIFIER_SUPPORTED_LANGUAGES = "objective-c objective-c++";
				MODULE_VERIFIER_SUPPORTED_LANGUAGE_STANDARDS = "gnu17 gnu++20";
				PRODUCT_BUNDLE_IDENTIFIER = com.TPlink.NetworkService;
				PRODUCT_NAME = "$(TARGET_NAME:c99extidentifier)";
				SKIP_INSTALL = YES;
				SWIFT_EMIT_LOC_STRINGS = YES;
				SWIFT_VERSION = 5.0;
				TARGETED_DEVICE_FAMILY = "1,2";
				VERSIONING_SYSTEM = "apple-generic";
				VERSION_INFO_PREFIX = "";
			};
			name = Release;
		};
		DF1CF4482CB98E5C00273F1C /* Debug */ = {
			isa = XCBuildConfiguration;
			buildSettings = {
				ALWAYS_EMBED_SWIFT_STANDARD_LIBRARIES = YES;
				CODE_SIGN_STYLE = Automatic;
				CURRENT_PROJECT_VERSION = 1;
				DEVELOPMENT_TEAM = 6U2A7J9577;
				GENERATE_INFOPLIST_FILE = YES;
				MARKETING_VERSION = 1.0;
				PRODUCT_BUNDLE_IDENTIFIER = com.TPlink.NetworkServiceTests;
				PRODUCT_NAME = "$(TARGET_NAME)";
				SWIFT_EMIT_LOC_STRINGS = NO;
				SWIFT_VERSION = 5.0;
				TARGETED_DEVICE_FAMILY = "1,2";
				TEST_HOST = "$(BUILT_PRODUCTS_DIR)/nasaProject.app/$(BUNDLE_EXECUTABLE_FOLDER_PATH)/nasaProject";
			};
			name = Debug;
		};
		DF1CF4492CB98E5C00273F1C /* Release */ = {
			isa = XCBuildConfiguration;
			buildSettings = {
				ALWAYS_EMBED_SWIFT_STANDARD_LIBRARIES = YES;
				CODE_SIGN_STYLE = Automatic;
				CURRENT_PROJECT_VERSION = 1;
				DEVELOPMENT_TEAM = 6U2A7J9577;
				GENERATE_INFOPLIST_FILE = YES;
				MARKETING_VERSION = 1.0;
				PRODUCT_BUNDLE_IDENTIFIER = com.TPlink.NetworkServiceTests;
				PRODUCT_NAME = "$(TARGET_NAME)";
				SWIFT_EMIT_LOC_STRINGS = NO;
				SWIFT_VERSION = 5.0;
				TARGETED_DEVICE_FAMILY = "1,2";
				TEST_HOST = "$(BUILT_PRODUCTS_DIR)/nasaProject.app/$(BUNDLE_EXECUTABLE_FOLDER_PATH)/nasaProject";
			};
			name = Release;
		};
/* End XCBuildConfiguration section */

/* Begin XCConfigurationList section */
		DF1CF3A92CB5B78B00273F1C /* Build configuration list for PBXProject "nasaProject" */ = {
			isa = XCConfigurationList;
			buildConfigurations = (
				DF1CF3D62CB5B78C00273F1C /* Debug */,
				DF1CF3D72CB5B78C00273F1C /* Release */,
			);
			defaultConfigurationIsVisible = 0;
			defaultConfigurationName = Release;
		};
		DF1CF3D82CB5B78C00273F1C /* Build configuration list for PBXNativeTarget "nasaProject" */ = {
			isa = XCConfigurationList;
			buildConfigurations = (
				DF1CF3D92CB5B78C00273F1C /* Debug */,
				DF1CF3DA2CB5B78C00273F1C /* Release */,
			);
			defaultConfigurationIsVisible = 0;
			defaultConfigurationName = Release;
		};
		DF1CF3DB2CB5B78C00273F1C /* Build configuration list for PBXNativeTarget "nasaProjectTests" */ = {
			isa = XCConfigurationList;
			buildConfigurations = (
				DF1CF3DC2CB5B78C00273F1C /* Debug */,
				DF1CF3DD2CB5B78C00273F1C /* Release */,
			);
			defaultConfigurationIsVisible = 0;
			defaultConfigurationName = Release;
		};
		DF1CF3DE2CB5B78C00273F1C /* Build configuration list for PBXNativeTarget "nasaProjectUITests" */ = {
			isa = XCConfigurationList;
			buildConfigurations = (
				DF1CF3DF2CB5B78C00273F1C /* Debug */,
				DF1CF3E02CB5B78C00273F1C /* Release */,
			);
			defaultConfigurationIsVisible = 0;
			defaultConfigurationName = Release;
		};
		DF1CF4432CB98E5C00273F1C /* Build configuration list for PBXNativeTarget "NetworkService" */ = {
			isa = XCConfigurationList;
			buildConfigurations = (
				DF1CF4442CB98E5C00273F1C /* Debug */,
				DF1CF4452CB98E5C00273F1C /* Release */,
			);
			defaultConfigurationIsVisible = 0;
			defaultConfigurationName = Release;
		};
		DF1CF4472CB98E5C00273F1C /* Build configuration list for PBXNativeTarget "NetworkServiceTests" */ = {
			isa = XCConfigurationList;
			buildConfigurations = (
				DF1CF4482CB98E5C00273F1C /* Debug */,
				DF1CF4492CB98E5C00273F1C /* Release */,
			);
			defaultConfigurationIsVisible = 0;
			defaultConfigurationName = Release;
		};
/* End XCConfigurationList section */
	};
	rootObject = DF1CF3A62CB5B78B00273F1C /* Project object */;
}
